
Microsoft Visual Studio Solution File, Format Version 11.00
# Visual Studio 2010
Project("{FAE04EC0-301F-11D3-BF4B-00C04F79EFBC}") = "TG.Package.HttpNetWork", "TG.Package.HttpNetWork\TG.Package.HttpNetWork.csproj", "{A20DC615-A34A-4B5C-9479-3D3917CECE58}"
EndProject
Project("{FAE04EC0-301F-11D3-BF4B-00C04F79EFBC}") = "TG.Package.Compression", "TG.Package.Compression\TG.Package.Compression.csproj", "{C2EBA087-9CFA-4F81-938D-90C28DB844D7}"
EndProject
Project("{FAE04EC0-301F-11D3-BF4B-00C04F79EFBC}") = "TG.Package.Encryption", "TG.Package.Encryption\TG.Package.Encryption.csproj", "{6D4A0996-BEF9-4AF4-9B26-88ACB261975E}"
EndProject
Project("{FAE04EC0-301F-11D3-BF4B-00C04F79EFBC}") = "TG.Package.HtmlDocument", "TG.Package.HtmlDocument\TG.Package.HtmlDocument.csproj", "{73205C9B-4F2E-4E7A-A403-C7B125DED8EB}"
EndProject
Project("{2150E333-8FDC-42A3-9474-1A3956D46DE8}") = "Test", "Test", "{B522830C-14CC-4611-9607-D42F020D104E}"
EndProject
Project("{FAE04EC0-301F-11D3-BF4B-00C04F79EFBC}") = "EncryptionTest", "Test\EncryptionTest\EncryptionTest.csproj", "{83081099-F74A-42A7-85F8-C41CDD0F2FBC}"
EndProject
Project("{FAE04EC0-301F-11D3-BF4B-00C04F79EFBC}") = "CompressionTest", "Test\CompressTest\CompressionTest.csproj", "{C1D9D94C-67D1-4FCC-95AC-4B17C401B5C2}"
EndProject
Project("{FAE04EC0-301F-11D3-BF4B-00C04F79EFBC}") = "TG.Package.Lottery", "TG.Package.Lottery\TG.Package.Lottery.csproj", "{F724CD3E-4AAA-4C86-B606-49C48CC0C1E1}"
EndProject
Project("{FAE04EC0-301F-11D3-BF4B-00C04F79EFBC}") = "LotteryTest", "Test\LotteryTest\LotteryTest.csproj", "{50A7C33A-E6D9-457E-8B5F-6F1CBCEEF9B1}"
EndProject
Global
	GlobalSection(SolutionConfigurationPlatforms) = preSolution
		Debug|Any CPU = Debug|Any CPU
		Debug|Mixed Platforms = Debug|Mixed Platforms
		Debug|x86 = Debug|x86
		Default|Any CPU = Default|Any CPU
		Default|Mixed Platforms = Default|Mixed Platforms
		Default|x86 = Default|x86
		Release|Any CPU = Release|Any CPU
		Release|Mixed Platforms = Release|Mixed Platforms
		Release|x86 = Release|x86
	EndGlobalSection
	GlobalSection(ProjectConfigurationPlatforms) = postSolution
		{A20DC615-A34A-4B5C-9479-3D3917CECE58}.Debug|Any CPU.ActiveCfg = Debug|Any CPU
		{A20DC615-A34A-4B5C-9479-3D3917CECE58}.Debug|Any CPU.Build.0 = Debug|Any CPU
		{A20DC615-A34A-4B5C-9479-3D3917CECE58}.Debug|Mixed Platforms.ActiveCfg = Debug|Any CPU
		{A20DC615-A34A-4B5C-9479-3D3917CECE58}.Debug|Mixed Platforms.Build.0 = Debug|Any CPU
		{A20DC615-A34A-4B5C-9479-3D3917CECE58}.Debug|x86.ActiveCfg = Debug|Any CPU
		{A20DC615-A34A-4B5C-9479-3D3917CECE58}.Default|Any CPU.ActiveCfg = Debug|Any CPU
		{A20DC615-A34A-4B5C-9479-3D3917CECE58}.Default|Mixed Platforms.ActiveCfg = Debug|Any CPU
		{A20DC615-A34A-4B5C-9479-3D3917CECE58}.Default|x86.ActiveCfg = Debug|Any CPU
		{A20DC615-A34A-4B5C-9479-3D3917CECE58}.Release|Any CPU.ActiveCfg = Release|Any CPU
		{A20DC615-A34A-4B5C-9479-3D3917CECE58}.Release|Any CPU.Build.0 = Release|Any CPU
		{A20DC615-A34A-4B5C-9479-3D3917CECE58}.Release|Mixed Platforms.ActiveCfg = Release|Any CPU
		{A20DC615-A34A-4B5C-9479-3D3917CECE58}.Release|Mixed Platforms.Build.0 = Release|Any CPU
		{A20DC615-A34A-4B5C-9479-3D3917CECE58}.Release|x86.ActiveCfg = Release|Any CPU
		{C2EBA087-9CFA-4F81-938D-90C28DB844D7}.Debug|Any CPU.ActiveCfg = Debug|Any CPU
		{C2EBA087-9CFA-4F81-938D-90C28DB844D7}.Debug|Any CPU.Build.0 = Debug|Any CPU
		{C2EBA087-9CFA-4F81-938D-90C28DB844D7}.Debug|Mixed Platforms.ActiveCfg = Debug|Any CPU
		{C2EBA087-9CFA-4F81-938D-90C28DB844D7}.Debug|Mixed Platforms.Build.0 = Debug|Any CPU
		{C2EBA087-9CFA-4F81-938D-90C28DB844D7}.Debug|x86.ActiveCfg = Debug|Any CPU
		{C2EBA087-9CFA-4F81-938D-90C28DB844D7}.Default|Any CPU.ActiveCfg = Debug|Any CPU
		{C2EBA087-9CFA-4F81-938D-90C28DB844D7}.Default|Mixed Platforms.ActiveCfg = Debug|Any CPU
		{C2EBA087-9CFA-4F81-938D-90C28DB844D7}.Default|x86.ActiveCfg = Debug|Any CPU
		{C2EBA087-9CFA-4F81-938D-90C28DB844D7}.Release|Any CPU.ActiveCfg = Release|Any CPU
		{C2EBA087-9CFA-4F81-938D-90C28DB844D7}.Release|Any CPU.Build.0 = Release|Any CPU
		{C2EBA087-9CFA-4F81-938D-90C28DB844D7}.Release|Mixed Platforms.ActiveCfg = Release|Any CPU
		{C2EBA087-9CFA-4F81-938D-90C28DB844D7}.Release|Mixed Platforms.Build.0 = Release|Any CPU
		{C2EBA087-9CFA-4F81-938D-90C28DB844D7}.Release|x86.ActiveCfg = Release|Any CPU
		{6D4A0996-BEF9-4AF4-9B26-88ACB261975E}.Debug|Any CPU.ActiveCfg = Debug|Any CPU
		{6D4A0996-BEF9-4AF4-9B26-88ACB261975E}.Debug|Any CPU.Build.0 = Debug|Any CPU
		{6D4A0996-BEF9-4AF4-9B26-88ACB261975E}.Debug|Mixed Platforms.ActiveCfg = Debug|Any CPU
		{6D4A0996-BEF9-4AF4-9B26-88ACB261975E}.Debug|Mixed Platforms.Build.0 = Debug|Any CPU
		{6D4A0996-BEF9-4AF4-9B26-88ACB261975E}.Debug|x86.ActiveCfg = Debug|Any CPU
		{6D4A0996-BEF9-4AF4-9B26-88ACB261975E}.Default|Any CPU.ActiveCfg = Debug|Any CPU
		{6D4A0996-BEF9-4AF4-9B26-88ACB261975E}.Default|Mixed Platforms.ActiveCfg = Debug|Any CPU
		{6D4A0996-BEF9-4AF4-9B26-88ACB261975E}.Default|x86.ActiveCfg = Debug|Any CPU
		{6D4A0996-BEF9-4AF4-9B26-88ACB261975E}.Release|Any CPU.ActiveCfg = Release|Any CPU
		{6D4A0996-BEF9-4AF4-9B26-88ACB261975E}.Release|Any CPU.Build.0 = Release|Any CPU
		{6D4A0996-BEF9-4AF4-9B26-88ACB261975E}.Release|Mixed Platforms.ActiveCfg = Release|Any CPU
		{6D4A0996-BEF9-4AF4-9B26-88ACB261975E}.Release|Mixed Platforms.Build.0 = Release|Any CPU
		{6D4A0996-BEF9-4AF4-9B26-88ACB261975E}.Release|x86.ActiveCfg = Release|Any CPU
		{73205C9B-4F2E-4E7A-A403-C7B125DED8EB}.Debug|Any CPU.ActiveCfg = Debug|Any CPU
		{73205C9B-4F2E-4E7A-A403-C7B125DED8EB}.Debug|Any CPU.Build.0 = Debug|Any CPU
		{73205C9B-4F2E-4E7A-A403-C7B125DED8EB}.Debug|Mixed Platforms.ActiveCfg = Debug|Any CPU
		{73205C9B-4F2E-4E7A-A403-C7B125DED8EB}.Debug|Mixed Platforms.Build.0 = Debug|Any CPU
		{73205C9B-4F2E-4E7A-A403-C7B125DED8EB}.Debug|x86.ActiveCfg = Debug|Any CPU
		{73205C9B-4F2E-4E7A-A403-C7B125DED8EB}.Default|Any CPU.ActiveCfg = Debug|Any CPU
		{73205C9B-4F2E-4E7A-A403-C7B125DED8EB}.Default|Mixed Platforms.ActiveCfg = Debug|Any CPU
		{73205C9B-4F2E-4E7A-A403-C7B125DED8EB}.Default|x86.ActiveCfg = Debug|Any CPU
		{73205C9B-4F2E-4E7A-A403-C7B125DED8EB}.Release|Any CPU.ActiveCfg = Release|Any CPU
		{73205C9B-4F2E-4E7A-A403-C7B125DED8EB}.Release|Any CPU.Build.0 = Release|Any CPU
		{73205C9B-4F2E-4E7A-A403-C7B125DED8EB}.Release|Mixed Platforms.ActiveCfg = Release|Any CPU
		{73205C9B-4F2E-4E7A-A403-C7B125DED8EB}.Release|Mixed Platforms.Build.0 = Release|Any CPU
		{73205C9B-4F2E-4E7A-A403-C7B125DED8EB}.Release|x86.ActiveCfg = Release|Any CPU
		{83081099-F74A-42A7-85F8-C41CDD0F2FBC}.Debug|Any CPU.ActiveCfg = Debug|Any CPU
		{83081099-F74A-42A7-85F8-C41CDD0F2FBC}.Debug|Any CPU.Build.0 = Debug|Any CPU
		{83081099-F74A-42A7-85F8-C41CDD0F2FBC}.Debug|Mixed Platforms.ActiveCfg = Debug|Any CPU
		{83081099-F74A-42A7-85F8-C41CDD0F2FBC}.Debug|Mixed Platforms.Build.0 = Debug|Any CPU
		{83081099-F74A-42A7-85F8-C41CDD0F2FBC}.Debug|x86.ActiveCfg = Debug|Any CPU
		{83081099-F74A-42A7-85F8-C41CDD0F2FBC}.Debug|x86.Build.0 = Debug|Any CPU
		{83081099-F74A-42A7-85F8-C41CDD0F2FBC}.Default|Any CPU.ActiveCfg = Debug|Any CPU
		{83081099-F74A-42A7-85F8-C41CDD0F2FBC}.Default|Any CPU.Build.0 = Debug|Any CPU
		{83081099-F74A-42A7-85F8-C41CDD0F2FBC}.Default|Mixed Platforms.ActiveCfg = Debug|Any CPU
		{83081099-F74A-42A7-85F8-C41CDD0F2FBC}.Default|x86.ActiveCfg = Debug|Any CPU
		{83081099-F74A-42A7-85F8-C41CDD0F2FBC}.Release|Any CPU.ActiveCfg = Release|Any CPU
		{83081099-F74A-42A7-85F8-C41CDD0F2FBC}.Release|Any CPU.Build.0 = Release|Any CPU
		{83081099-F74A-42A7-85F8-C41CDD0F2FBC}.Release|Mixed Platforms.ActiveCfg = Release|Any CPU
		{83081099-F74A-42A7-85F8-C41CDD0F2FBC}.Release|Mixed Platforms.Build.0 = Release|Any CPU
		{83081099-F74A-42A7-85F8-C41CDD0F2FBC}.Release|x86.ActiveCfg = Release|Any CPU
		{83081099-F74A-42A7-85F8-C41CDD0F2FBC}.Release|x86.Build.0 = Release|Any CPU
		{C1D9D94C-67D1-4FCC-95AC-4B17C401B5C2}.Debug|Any CPU.ActiveCfg = Debug|Any CPU
		{C1D9D94C-67D1-4FCC-95AC-4B17C401B5C2}.Debug|Any CPU.Build.0 = Debug|Any CPU
		{C1D9D94C-67D1-4FCC-95AC-4B17C401B5C2}.Debug|Mixed Platforms.ActiveCfg = Debug|Any CPU
		{C1D9D94C-67D1-4FCC-95AC-4B17C401B5C2}.Debug|Mixed Platforms.Build.0 = Debug|Any CPU
		{C1D9D94C-67D1-4FCC-95AC-4B17C401B5C2}.Debug|x86.ActiveCfg = Debug|Any CPU
		{C1D9D94C-67D1-4FCC-95AC-4B17C401B5C2}.Default|Any CPU.ActiveCfg = Debug|Any CPU
		{C1D9D94C-67D1-4FCC-95AC-4B17C401B5C2}.Default|Any CPU.Build.0 = Debug|Any CPU
		{C1D9D94C-67D1-4FCC-95AC-4B17C401B5C2}.Default|Mixed Platforms.ActiveCfg = Debug|Any CPU
		{C1D9D94C-67D1-4FCC-95AC-4B17C401B5C2}.Default|Mixed Platforms.Build.0 = Debug|Any CPU
		{C1D9D94C-67D1-4FCC-95AC-4B17C401B5C2}.Default|x86.ActiveCfg = Debug|Any CPU
		{C1D9D94C-67D1-4FCC-95AC-4B17C401B5C2}.Release|Any CPU.ActiveCfg = Release|Any CPU
		{C1D9D94C-67D1-4FCC-95AC-4B17C401B5C2}.Release|Any CPU.Build.0 = Release|Any CPU
		{C1D9D94C-67D1-4FCC-95AC-4B17C401B5C2}.Release|Mixed Platforms.ActiveCfg = Release|Any CPU
		{C1D9D94C-67D1-4FCC-95AC-4B17C401B5C2}.Release|Mixed Platforms.Build.0 = Release|Any CPU
		{C1D9D94C-67D1-4FCC-95AC-4B17C401B5C2}.Release|x86.ActiveCfg = Release|Any CPU
		{F724CD3E-4AAA-4C86-B606-49C48CC0C1E1}.Debug|Any CPU.ActiveCfg = Debug|Any CPU
		{F724CD3E-4AAA-4C86-B606-49C48CC0C1E1}.Debug|Any CPU.Build.0 = Debug|Any CPU
		{F724CD3E-4AAA-4C86-B606-49C48CC0C1E1}.Debug|Mixed Platforms.ActiveCfg = Debug|Any CPU
		{F724CD3E-4AAA-4C86-B606-49C48CC0C1E1}.Debug|Mixed Platforms.Build.0 = Debug|Any CPU
		{F724CD3E-4AAA-4C86-B606-49C48CC0C1E1}.Debug|x86.ActiveCfg = Debug|Any CPU
		{F724CD3E-4AAA-4C86-B606-49C48CC0C1E1}.Default|Any CPU.ActiveCfg = Debug|Any CPU
		{F724CD3E-4AAA-4C86-B606-49C48CC0C1E1}.Default|Any CPU.Build.0 = Debug|Any CPU
		{F724CD3E-4AAA-4C86-B606-49C48CC0C1E1}.Default|Mixed Platforms.ActiveCfg = Debug|Any CPU
		{F724CD3E-4AAA-4C86-B606-49C48CC0C1E1}.Default|Mixed Platforms.Build.0 = Debug|Any CPU
		{F724CD3E-4AAA-4C86-B606-49C48CC0C1E1}.Default|x86.ActiveCfg = Debug|Any CPU
		{F724CD3E-4AAA-4C86-B606-49C48CC0C1E1}.Release|Any CPU.ActiveCfg = Release|Any CPU
		{F724CD3E-4AAA-4C86-B606-49C48CC0C1E1}.Release|Any CPU.Build.0 = Release|Any CPU
		{F724CD3E-4AAA-4C86-B606-49C48CC0C1E1}.Release|Mixed Platforms.ActiveCfg = Release|Any CPU
		{F724CD3E-4AAA-4C86-B606-49C48CC0C1E1}.Release|Mixed Platforms.Build.0 = Release|Any CPU
		{F724CD3E-4AAA-4C86-B606-49C48CC0C1E1}.Release|x86.ActiveCfg = Release|Any CPU
		{50A7C33A-E6D9-457E-8B5F-6F1CBCEEF9B1}.Debug|Any CPU.ActiveCfg = Debug|Any CPU
		{50A7C33A-E6D9-457E-8B5F-6F1CBCEEF9B1}.Debug|Any CPU.Build.0 = Debug|Any CPU
		{50A7C33A-E6D9-457E-8B5F-6F1CBCEEF9B1}.Debug|Mixed Platforms.ActiveCfg = Debug|Any CPU
		{50A7C33A-E6D9-457E-8B5F-6F1CBCEEF9B1}.Debug|Mixed Platforms.Build.0 = Debug|Any CPU
		{50A7C33A-E6D9-457E-8B5F-6F1CBCEEF9B1}.Debug|x86.ActiveCfg = Debug|Any CPU
		{50A7C33A-E6D9-457E-8B5F-6F1CBCEEF9B1}.Default|Any CPU.ActiveCfg = Debug|Any CPU
		{50A7C33A-E6D9-457E-8B5F-6F1CBCEEF9B1}.Default|Any CPU.Build.0 = Debug|Any CPU
		{50A7C33A-E6D9-457E-8B5F-6F1CBCEEF9B1}.Default|Mixed Platforms.ActiveCfg = Debug|Any CPU
		{50A7C33A-E6D9-457E-8B5F-6F1CBCEEF9B1}.Default|Mixed Platforms.Build.0 = Debug|Any CPU
		{50A7C33A-E6D9-457E-8B5F-6F1CBCEEF9B1}.Default|x86.ActiveCfg = Debug|Any CPU
		{50A7C33A-E6D9-457E-8B5F-6F1CBCEEF9B1}.Release|Any CPU.ActiveCfg = Release|Any CPU
		{50A7C33A-E6D9-457E-8B5F-6F1CBCEEF9B1}.Release|Any CPU.Build.0 = Release|Any CPU
		{50A7C33A-E6D9-457E-8B5F-6F1CBCEEF9B1}.Release|Mixed Platforms.ActiveCfg = Release|Any CPU
		{50A7C33A-E6D9-457E-8B5F-6F1CBCEEF9B1}.Release|Mixed Platforms.Build.0 = Release|Any CPU
		{50A7C33A-E6D9-457E-8B5F-6F1CBCEEF9B1}.Release|x86.ActiveCfg = Release|Any CPU
	EndGlobalSection
	GlobalSection(SolutionProperties) = preSolution
		HideSolutionNode = FALSE
	EndGlobalSection
	GlobalSection(NestedProjects) = preSolution
		{83081099-F74A-42A7-85F8-C41CDD0F2FBC} = {B522830C-14CC-4611-9607-D42F020D104E}
		{C1D9D94C-67D1-4FCC-95AC-4B17C401B5C2} = {B522830C-14CC-4611-9607-D42F020D104E}
		{50A7C33A-E6D9-457E-8B5F-6F1CBCEEF9B1} = {B522830C-14CC-4611-9607-D42F020D104E}
	EndGlobalSection
	GlobalSection(MonoDevelopProperties) = preSolution
		StartupItem = ConsolView\ConsolView.csproj
		Policies = $0
		$0.DotNetNamingPolicy = $1
		$1.DirectoryNamespaceAssociation = None
		$1.ResourceNamePolicy = FileFormatDefault
		$0.TextStylePolicy = $2
		$2.inheritsSet = null
		$2.scope = text/x-csharp
		$0.CSharpFormattingPolicy = $3
		$3.inheritsSet = Mono
		$3.inheritsScope = text/x-csharp
		$3.scope = text/x-csharp
		$0.TextStylePolicy = $4
		$4.FileWidth = 120
		$4.TabWidth = 4
		$4.RemoveTrailingWhitespace = False
		$4.inheritsSet = Mono
		$4.inheritsScope = text/plain
		$4.scope = text/plain
		$0.TextStylePolicy = $5
		$5.inheritsSet = null
		$5.scope = text/xml
		$0.StandardHeader = $6
		$6.Text = 
		$6.IncludeInNewFiles = True
		$0.NameConventionPolicy = $7
		$7.Rules = $8
		$8.NamingRule = $9
		$9.Name = Namespaces
		$9.AffectedEntity = Namespace
		$9.VisibilityMask = VisibilityMask
		$9.NamingStyle = PascalCase
		$9.IncludeInstanceMembers = True
		$9.IncludeStaticEntities = True
		$8.NamingRule = $10
		$10.Name = Types
		$10.AffectedEntity = Class, Struct, Enum, Delegate
		$10.VisibilityMask = VisibilityMask
		$10.NamingStyle = PascalCase
		$10.IncludeInstanceMembers = True
		$10.IncludeStaticEntities = True
		$8.NamingRule = $11
		$11.Name = Interfaces
		$11.RequiredPrefixes = $12
		$12.String = I
		$11.AffectedEntity = Interface
		$11.VisibilityMask = VisibilityMask
		$11.NamingStyle = PascalCase
		$11.IncludeInstanceMembers = True
		$11.IncludeStaticEntities = True
		$8.NamingRule = $13
		$13.Name = Attributes
		$13.RequiredSuffixes = $14
		$14.String = Attribute
		$13.AffectedEntity = CustomAttributes
		$13.VisibilityMask = VisibilityMask
		$13.NamingStyle = PascalCase
		$13.IncludeInstanceMembers = True
		$13.IncludeStaticEntities = True
		$8.NamingRule = $15
		$15.Name = Event Arguments
		$15.RequiredSuffixes = $16
		$16.String = EventArgs
		$15.AffectedEntity = CustomEventArgs
		$15.VisibilityMask = VisibilityMask
		$15.NamingStyle = PascalCase
		$15.IncludeInstanceMembers = True
		$15.IncludeStaticEntities = True
		$8.NamingRule = $17
		$17.Name = Exceptions
		$17.RequiredSuffixes = $18
		$18.String = Exception
		$17.AffectedEntity = CustomExceptions
		$17.VisibilityMask = VisibilityMask
		$17.NamingStyle = PascalCase
		$17.IncludeInstanceMembers = True
		$17.IncludeStaticEntities = True
		$8.NamingRule = $19
		$19.Name = Methods
		$19.AffectedEntity = Methods
		$19.VisibilityMask = VisibilityMask
		$19.NamingStyle = PascalCase
		$19.IncludeInstanceMembers = True
		$19.IncludeStaticEntities = True
		$8.NamingRule = $20
		$20.Name = Static Readonly Fields
		$20.AffectedEntity = ReadonlyField
		$20.VisibilityMask = Internal, Protected, Public
		$20.NamingStyle = PascalCase
		$20.IncludeInstanceMembers = False
		$20.IncludeStaticEntities = True
		$8.NamingRule = $21
		$21.Name = Fields (Non Private)
		$21.AffectedEntity = Field
		$21.VisibilityMask = Internal, Protected, Public
		$21.NamingStyle = PascalCase
		$21.IncludeInstanceMembers = True
		$21.IncludeStaticEntities = True
		$8.NamingRule = $22
		$22.Name = ReadOnly Fields (Non Private)
		$22.AffectedEntity = ReadonlyField
		$22.VisibilityMask = Internal, Protected, Public
		$22.NamingStyle = PascalCase
		$22.IncludeInstanceMembers = True
		$22.IncludeStaticEntities = False
		$8.NamingRule = $23
		$23.Name = Fields (Private)
		$23.AllowedPrefixes = $24
		$24.String = _
		$24.String = m_
		$23.AffectedEntity = Field, ReadonlyField
		$23.VisibilityMask = Private
		$23.NamingStyle = CamelCase
		$23.IncludeInstanceMembers = True
		$23.IncludeStaticEntities = False
		$8.NamingRule = $25
		$25.Name = Static Fields (Private)
		$25.AffectedEntity = Field
		$25.VisibilityMask = Private
		$25.NamingStyle = CamelCase
		$25.IncludeInstanceMembers = False
		$25.IncludeStaticEntities = True
		$8.NamingRule = $26
		$26.Name = ReadOnly Fields (Private)
		$26.AllowedPrefixes = $27
		$27.String = _
		$27.String = m_
		$26.AffectedEntity = ReadonlyField
		$26.VisibilityMask = Private
		$26.NamingStyle = CamelCase
		$26.IncludeInstanceMembers = True
		$26.IncludeStaticEntities = False
		$8.NamingRule = $28
		$28.Name = Constant Fields
		$28.AffectedEntity = ConstantField
		$28.VisibilityMask = VisibilityMask
		$28.NamingStyle = PascalCase
		$28.IncludeInstanceMembers = True
		$28.IncludeStaticEntities = True
		$8.NamingRule = $29
		$29.Name = Properties
		$29.AffectedEntity = Property
		$29.VisibilityMask = VisibilityMask
		$29.NamingStyle = PascalCase
		$29.IncludeInstanceMembers = True
		$29.IncludeStaticEntities = True
		$8.NamingRule = $30
		$30.Name = Events
		$30.AffectedEntity = Event
		$30.VisibilityMask = VisibilityMask
		$30.NamingStyle = PascalCase
		$30.IncludeInstanceMembers = True
		$30.IncludeStaticEntities = True
		$8.NamingRule = $31
		$31.Name = Enum Members
		$31.AffectedEntity = EnumMember
		$31.VisibilityMask = VisibilityMask
		$31.NamingStyle = PascalCase
		$31.IncludeInstanceMembers = True
		$31.IncludeStaticEntities = True
		$8.NamingRule = $32
		$32.Name = Parameters
		$32.AffectedEntity = Parameter
		$32.VisibilityMask = VisibilityMask
		$32.NamingStyle = CamelCase
		$32.IncludeInstanceMembers = True
		$32.IncludeStaticEntities = True
		$8.NamingRule = $33
		$33.Name = Type Parameters
		$33.RequiredPrefixes = $34
		$34.String = T
		$33.AffectedEntity = TypeParameter
		$33.VisibilityMask = VisibilityMask
		$33.NamingStyle = PascalCase
		$33.IncludeInstanceMembers = True
		$33.IncludeStaticEntities = True
		$0.VersionControlPolicy = $35
		$35.inheritsSet = Mono
		$0.ChangeLogPolicy = $36
		$36.UpdateMode = None
		$36.MessageStyle = $37
		$37.LineAlign = 0
		$36.inheritsSet = Mono
	EndGlobalSection
EndGlobal
